
Microsoft Visual Studio Solution File, Format Version 12.00
# Visual Studio Version 17
VisualStudioVersion = 17.13.35828.75 d17.13
MinimumVisualStudioVersion = 10.0.40219.1
Project("{FAE04EC0-301F-11D3-BF4B-00C04F79EFBC}") = "WaveletApp", "WaveletApp.csproj", "{A544BE14-CE1C-4496-9C40-2BC48C823973}"
EndProject
Global
	GlobalSection(SolutionConfigurationPlatforms) = preSolution
		Debug|Any CPU = Debug|Any CPU
		Release|Any CPU = Release|Any CPU
	EndGlobalSection
	GlobalSection(ProjectConfigurationPlatforms) = postSolution
		{A544BE14-CE1C-4496-9C40-2BC48C823973}.Debug|Any CPU.ActiveCfg = Debug|Any CPU
		{A544BE14-CE1C-4496-9C40-2BC48C823973}.Debug|Any CPU.Build.0 = Debug|Any CPU
		{A544BE14-CE1C-4496-9C40-2BC48C823973}.Release|Any CPU.ActiveCfg = Release|Any CPU
		{A544BE14-CE1C-4496-9C40-2BC48C823973}.Release|Any CPU.Build.0 = Release|Any CPU
	EndGlobalSection
	GlobalSection(SolutionProperties) = preSolution
		HideSolutionNode = FALSE
	EndGlobalSection
	GlobalSection(ExtensibilityGlobals) = postSolution
		SolutionGuid = {5B78BB21-00AA-49B0-8E6D-22826462C586}
	EndGlobalSection
EndGlobal
